
Microsoft Visual Studio Solution File, Format Version 12.00
# Visual Studio Version 16
VisualStudioVersion = 16.0.31624.102
MinimumVisualStudioVersion = 10.0.40219.1
Project("{FAE04EC0-301F-11D3-BF4B-00C04F79EFBC}") = "PatternCommand", "PatternCommand\PatternCommand.csproj", "{0CB5B1ED-8637-41D3-A2EC-ED47C2FC6A31}"
EndProject
Global
	GlobalSection(SolutionConfigurationPlatforms) = preSolution
		Debug|Any CPU = Debug|Any CPU
		Release|Any CPU = Release|Any CPU
	EndGlobalSection
	GlobalSection(ProjectConfigurationPlatforms) = postSolution
		{0CB5B1ED-8637-41D3-A2EC-ED47C2FC6A31}.Debug|Any CPU.ActiveCfg = Debug|Any CPU
		{0CB5B1ED-8637-41D3-A2EC-ED47C2FC6A31}.Debug|Any CPU.Build.0 = Debug|Any CPU
		{0CB5B1ED-8637-41D3-A2EC-ED47C2FC6A31}.Release|Any CPU.ActiveCfg = Release|Any CPU
		{0CB5B1ED-8637-41D3-A2EC-ED47C2FC6A31}.Release|Any CPU.Build.0 = Release|Any CPU
	EndGlobalSection
	GlobalSection(SolutionProperties) = preSolution
		HideSolutionNode = FALSE
	EndGlobalSection
	GlobalSection(ExtensibilityGlobals) = postSolution
		SolutionGuid = {D8BBA749-D8E5-42E6-85C1-237F9DF17A55}
	EndGlobalSection
EndGlobal
