
Microsoft Visual Studio Solution File, Format Version 12.00
# Visual Studio Version 16
VisualStudioVersion = 16.0.31624.102
MinimumVisualStudioVersion = 10.0.40219.1
Project("{FAE04EC0-301F-11D3-BF4B-00C04F79EFBC}") = "PatternFasade", "PatternFasade\PatternFasade.csproj", "{25CF80C7-4402-4EF1-94CD-3311F9D9C055}"
EndProject
Global
	GlobalSection(SolutionConfigurationPlatforms) = preSolution
		Debug|Any CPU = Debug|Any CPU
		Release|Any CPU = Release|Any CPU
	EndGlobalSection
	GlobalSection(ProjectConfigurationPlatforms) = postSolution
		{25CF80C7-4402-4EF1-94CD-3311F9D9C055}.Debug|Any CPU.ActiveCfg = Debug|Any CPU
		{25CF80C7-4402-4EF1-94CD-3311F9D9C055}.Debug|Any CPU.Build.0 = Debug|Any CPU
		{25CF80C7-4402-4EF1-94CD-3311F9D9C055}.Release|Any CPU.ActiveCfg = Release|Any CPU
		{25CF80C7-4402-4EF1-94CD-3311F9D9C055}.Release|Any CPU.Build.0 = Release|Any CPU
	EndGlobalSection
	GlobalSection(SolutionProperties) = preSolution
		HideSolutionNode = FALSE
	EndGlobalSection
	GlobalSection(ExtensibilityGlobals) = postSolution
		SolutionGuid = {4251CB88-EC5D-4211-917A-15E641547802}
	EndGlobalSection
EndGlobal
