
Microsoft Visual Studio Solution File, Format Version 12.00
# Visual Studio Version 16
VisualStudioVersion = 16.0.31624.102
MinimumVisualStudioVersion = 10.0.40219.1
Project("{FAE04EC0-301F-11D3-BF4B-00C04F79EFBC}") = "PatternTemplate", "PatternTemplate\PatternTemplate.csproj", "{140AACA2-30AA-4E53-8081-FF9F01166E8C}"
EndProject
Global
	GlobalSection(SolutionConfigurationPlatforms) = preSolution
		Debug|Any CPU = Debug|Any CPU
		Release|Any CPU = Release|Any CPU
	EndGlobalSection
	GlobalSection(ProjectConfigurationPlatforms) = postSolution
		{140AACA2-30AA-4E53-8081-FF9F01166E8C}.Debug|Any CPU.ActiveCfg = Debug|Any CPU
		{140AACA2-30AA-4E53-8081-FF9F01166E8C}.Debug|Any CPU.Build.0 = Debug|Any CPU
		{140AACA2-30AA-4E53-8081-FF9F01166E8C}.Release|Any CPU.ActiveCfg = Release|Any CPU
		{140AACA2-30AA-4E53-8081-FF9F01166E8C}.Release|Any CPU.Build.0 = Release|Any CPU
	EndGlobalSection
	GlobalSection(SolutionProperties) = preSolution
		HideSolutionNode = FALSE
	EndGlobalSection
	GlobalSection(ExtensibilityGlobals) = postSolution
		SolutionGuid = {A61AD17C-A3F6-4DED-91A6-D79E97ECA458}
	EndGlobalSection
EndGlobal
